
Microsoft Visual Studio Solution File, Format Version 12.00
# Visual Studio Version 17
VisualStudioVersion = 17.0.31903.59
MinimumVisualStudioVersion = 10.0.40219.1
Project("{2150E333-8FDC-42A3-9474-1A3956D46DE8}") = "src", "src", "{3CEB15F3-26EF-42A4-B613-48167EAEF38A}"
EndProject
Project("{FAE04EC0-301F-11D3-BF4B-00C04F79EFBC}") = "SargentNexus.Domain", "src\SargentNexus.Domain\SargentNexus.Domain.csproj", "{52AFA814-CA97-4E0E-84B6-252271379320}"
EndProject
Project("{FAE04EC0-301F-11D3-BF4B-00C04F79EFBC}") = "SargentNexus.Application", "src\SargentNexus.Application\SargentNexus.Application.csproj", "{288904E8-A2BE-48BB-A311-93C05781D333}"
EndProject
Project("{FAE04EC0-301F-11D3-BF4B-00C04F79EFBC}") = "SargentNexus.Infrastructure", "src\SargentNexus.Infrastructure\SargentNexus.Infrastructure.csproj", "{7B9A61C8-F744-4C29-920A-912AA3D59C34}"
EndProject
Project("{FAE04EC0-301F-11D3-BF4B-00C04F79EFBC}") = "SargentNexus.API", "src\SargentNexus.API\SargentNexus.API.csproj", "{EED722CD-D986-4B7D-A7B1-BC44B05437F7}"
EndProject
Project("{FAE04EC0-301F-11D3-BF4B-00C04F79EFBC}") = "SargentNexus.Client", "src\SargentNexus.Client\SargentNexus.Client.csproj", "{A692990F-6BA1-462E-B03A-372AD2EE179E}"
EndProject
Global
	GlobalSection(SolutionConfigurationPlatforms) = preSolution
		Debug|Any CPU = Debug|Any CPU
		Release|Any CPU = Release|Any CPU
	EndGlobalSection
	GlobalSection(SolutionProperties) = preSolution
		HideSolutionNode = FALSE
	EndGlobalSection
	GlobalSection(ProjectConfigurationPlatforms) = postSolution
		{52AFA814-CA97-4E0E-84B6-252271379320}.Debug|Any CPU.ActiveCfg = Debug|Any CPU
		{52AFA814-CA97-4E0E-84B6-252271379320}.Debug|Any CPU.Build.0 = Debug|Any CPU
		{52AFA814-CA97-4E0E-84B6-252271379320}.Release|Any CPU.ActiveCfg = Release|Any CPU
		{52AFA814-CA97-4E0E-84B6-252271379320}.Release|Any CPU.Build.0 = Release|Any CPU
		{288904E8-A2BE-48BB-A311-93C05781D333}.Debug|Any CPU.ActiveCfg = Debug|Any CPU
		{288904E8-A2BE-48BB-A311-93C05781D333}.Debug|Any CPU.Build.0 = Debug|Any CPU
		{288904E8-A2BE-48BB-A311-93C05781D333}.Release|Any CPU.ActiveCfg = Release|Any CPU
		{288904E8-A2BE-48BB-A311-93C05781D333}.Release|Any CPU.Build.0 = Release|Any CPU
		{7B9A61C8-F744-4C29-920A-912AA3D59C34}.Debug|Any CPU.ActiveCfg = Debug|Any CPU
		{7B9A61C8-F744-4C29-920A-912AA3D59C34}.Debug|Any CPU.Build.0 = Debug|Any CPU
		{7B9A61C8-F744-4C29-920A-912AA3D59C34}.Release|Any CPU.ActiveCfg = Release|Any CPU
		{7B9A61C8-F744-4C29-920A-912AA3D59C34}.Release|Any CPU.Build.0 = Release|Any CPU
		{EED722CD-D986-4B7D-A7B1-BC44B05437F7}.Debug|Any CPU.ActiveCfg = Debug|Any CPU
		{EED722CD-D986-4B7D-A7B1-BC44B05437F7}.Debug|Any CPU.Build.0 = Debug|Any CPU
		{EED722CD-D986-4B7D-A7B1-BC44B05437F7}.Release|Any CPU.ActiveCfg = Release|Any CPU
		{EED722CD-D986-4B7D-A7B1-BC44B05437F7}.Release|Any CPU.Build.0 = Release|Any CPU
		{A692990F-6BA1-462E-B03A-372AD2EE179E}.Debug|Any CPU.ActiveCfg = Debug|Any CPU
		{A692990F-6BA1-462E-B03A-372AD2EE179E}.Debug|Any CPU.Build.0 = Debug|Any CPU
		{A692990F-6BA1-462E-B03A-372AD2EE179E}.Release|Any CPU.ActiveCfg = Release|Any CPU
		{A692990F-6BA1-462E-B03A-372AD2EE179E}.Release|Any CPU.Build.0 = Release|Any CPU
	EndGlobalSection
	GlobalSection(NestedProjects) = preSolution
		{52AFA814-CA97-4E0E-84B6-252271379320} = {3CEB15F3-26EF-42A4-B613-48167EAEF38A}
		{288904E8-A2BE-48BB-A311-93C05781D333} = {3CEB15F3-26EF-42A4-B613-48167EAEF38A}
		{7B9A61C8-F744-4C29-920A-912AA3D59C34} = {3CEB15F3-26EF-42A4-B613-48167EAEF38A}
		{EED722CD-D986-4B7D-A7B1-BC44B05437F7} = {3CEB15F3-26EF-42A4-B613-48167EAEF38A}
		{A692990F-6BA1-462E-B03A-372AD2EE179E} = {3CEB15F3-26EF-42A4-B613-48167EAEF38A}
	EndGlobalSection
EndGlobal
